
Microsoft Visual Studio Solution File, Format Version 12.00
# Visual Studio Version 17
VisualStudioVersion = 17.4.33205.214
MinimumVisualStudioVersion = 10.0.40219.1
Project("{9A19103F-16F7-4668-BE54-9A1E7A4F7556}") = "WebApp.Repository", "Repository\WebApp.Repository.csproj", "{C6C52030-DE3F-4F44-B606-9DDACEA3B791}"
EndProject
Project("{9A19103F-16F7-4668-BE54-9A1E7A4F7556}") = "WebApp.Service", "Service\WebApp.Service.csproj", "{4286A5AF-BBDA-4878-909A-9820EC53CF3D}"
EndProject
Project("{9A19103F-16F7-4668-BE54-9A1E7A4F7556}") = "WebApp", "WebApp\WebApp.csproj", "{B2957D55-8A2C-497B-B01B-07E79458C4E5}"
EndProject
Project("{9A19103F-16F7-4668-BE54-9A1E7A4F7556}") = "WebApp.Core", "Core\WebApp.Core.csproj", "{7F8AC333-C4E3-4522-9174-2EB1EF80EF2C}"
EndProject
Global
	GlobalSection(SolutionConfigurationPlatforms) = preSolution
		Debug|Any CPU = Debug|Any CPU
		Release|Any CPU = Release|Any CPU
	EndGlobalSection
	GlobalSection(ProjectConfigurationPlatforms) = postSolution
		{C6C52030-DE3F-4F44-B606-9DDACEA3B791}.Debug|Any CPU.ActiveCfg = Debug|Any CPU
		{C6C52030-DE3F-4F44-B606-9DDACEA3B791}.Debug|Any CPU.Build.0 = Debug|Any CPU
		{C6C52030-DE3F-4F44-B606-9DDACEA3B791}.Release|Any CPU.ActiveCfg = Release|Any CPU
		{C6C52030-DE3F-4F44-B606-9DDACEA3B791}.Release|Any CPU.Build.0 = Release|Any CPU
		{4286A5AF-BBDA-4878-909A-9820EC53CF3D}.Debug|Any CPU.ActiveCfg = Debug|Any CPU
		{4286A5AF-BBDA-4878-909A-9820EC53CF3D}.Debug|Any CPU.Build.0 = Debug|Any CPU
		{4286A5AF-BBDA-4878-909A-9820EC53CF3D}.Release|Any CPU.ActiveCfg = Release|Any CPU
		{4286A5AF-BBDA-4878-909A-9820EC53CF3D}.Release|Any CPU.Build.0 = Release|Any CPU
		{B2957D55-8A2C-497B-B01B-07E79458C4E5}.Debug|Any CPU.ActiveCfg = Debug|Any CPU
		{B2957D55-8A2C-497B-B01B-07E79458C4E5}.Debug|Any CPU.Build.0 = Debug|Any CPU
		{B2957D55-8A2C-497B-B01B-07E79458C4E5}.Release|Any CPU.ActiveCfg = Release|Any CPU
		{B2957D55-8A2C-497B-B01B-07E79458C4E5}.Release|Any CPU.Build.0 = Release|Any CPU
		{7F8AC333-C4E3-4522-9174-2EB1EF80EF2C}.Debug|Any CPU.ActiveCfg = Debug|Any CPU
		{7F8AC333-C4E3-4522-9174-2EB1EF80EF2C}.Debug|Any CPU.Build.0 = Debug|Any CPU
		{7F8AC333-C4E3-4522-9174-2EB1EF80EF2C}.Release|Any CPU.ActiveCfg = Release|Any CPU
		{7F8AC333-C4E3-4522-9174-2EB1EF80EF2C}.Release|Any CPU.Build.0 = Release|Any CPU
	EndGlobalSection
	GlobalSection(SolutionProperties) = preSolution
		HideSolutionNode = FALSE
	EndGlobalSection
	GlobalSection(ExtensibilityGlobals) = postSolution
		SolutionGuid = {FCACB771-BB9E-4EB5-B3FE-909D56F0CE9B}
	EndGlobalSection
EndGlobal
